
Microsoft Visual Studio Solution File, Format Version 12.00
# Visual Studio Version 16
VisualStudioVersion = 16.0.31515.178
MinimumVisualStudioVersion = 10.0.40219.1
Project("{8BC9CEB8-8B4A-11D0-8D11-00A0C91BC942}") = "Fortnite-SDK-Generator", "Fortnite-SDK-Generator\Fortnite-SDK-Generator.vcxproj", "{DC495977-489C-4088-BC38-6593BB26DFB6}"
EndProject
Global
	GlobalSection(SolutionConfigurationPlatforms) = preSolution
		Debug|x64 = Debug|x64
		Debug|x86 = Debug|x86
		Release|x64 = Release|x64
		Release|x86 = Release|x86
	EndGlobalSection
	GlobalSection(ProjectConfigurationPlatforms) = postSolution
		{DC495977-489C-4088-BC38-6593BB26DFB6}.Debug|x64.ActiveCfg = Debug|x64
		{DC495977-489C-4088-BC38-6593BB26DFB6}.Debug|x64.Build.0 = Debug|x64
		{DC495977-489C-4088-BC38-6593BB26DFB6}.Debug|x86.ActiveCfg = Debug|Win32
		{DC495977-489C-4088-BC38-6593BB26DFB6}.Debug|x86.Build.0 = Debug|Win32
		{DC495977-489C-4088-BC38-6593BB26DFB6}.Release|x64.ActiveCfg = Release|x64
		{DC495977-489C-4088-BC38-6593BB26DFB6}.Release|x64.Build.0 = Release|x64
		{DC495977-489C-4088-BC38-6593BB26DFB6}.Release|x86.ActiveCfg = Release|Win32
		{DC495977-489C-4088-BC38-6593BB26DFB6}.Release|x86.Build.0 = Release|Win32
	EndGlobalSection
	GlobalSection(SolutionProperties) = preSolution
		HideSolutionNode = FALSE
	EndGlobalSection
	GlobalSection(ExtensibilityGlobals) = postSolution
		SolutionGuid = {4666AF52-FC7E-4A88-A7F4-B1E8A25855A7}
	EndGlobalSection
EndGlobal
