<?xml version="1.0" encoding="utf-8"?>
<Project ToolsVersion="4.0" xmlns="http://schemas.microsoft.com/developer/msbuild/2003">
  <ItemGroup>
    <Filter Include="Quelldateien">
      <UniqueIdentifier>{4FC737F1-C7A5-4376-A066-2A32D752A2FF}</UniqueIdentifier>
      <Extensions>cpp;c;cc;cxx;c++;cppm;ixx;def;odl;idl;hpj;bat;asm;asmx</Extensions>
    </Filter>
    <Filter Include="Headerdateien">
      <UniqueIdentifier>{93995380-89BD-4b04-88EB-625FBE52EBFB}</UniqueIdentifier>
      <Extensions>h;hh;hpp;hxx;h++;hm;inl;inc;ipp;xsd</Extensions>
    </Filter>
    <Filter Include="Ressourcendateien">
      <UniqueIdentifier>{67DA6AB6-F800-4c08-8B7A-83BB121AAD01}</UniqueIdentifier>
      <Extensions>rc;ico;cur;bmp;dlg;rc2;rct;bin;rgs;gif;jpg;jpeg;jpe;resx;tiff;tif;png;wav;mfcribbon-ms</Extensions>
    </Filter>
    <Filter Include="Headerdateien\Engine">
      <UniqueIdentifier>{5bdb4586-917c-4450-8b1e-6425c27dd814}</UniqueIdentifier>
    </Filter>
    <Filter Include="Headerdateien\Engine-Wrapper">
      <UniqueIdentifier>{cfe2c600-2d72-4ff4-86c6-39eb142e7745}</UniqueIdentifier>
    </Filter>
    <Filter Include="Headerdateien\Generator">
      <UniqueIdentifier>{bc2e68e1-b48a-4d1e-98f5-5558ced6d13c}</UniqueIdentifier>
    </Filter>
  </ItemGroup>
  <ItemGroup>
    <ClCompile Include="Main.cpp">
      <Filter>Quelldateien</Filter>
    </ClCompile>
    <ClCompile Include="CoreClasses.cpp">
      <Filter>Headerdateien\Engine</Filter>
    </ClCompile>
    <ClCompile Include="ObjectStore.cpp">
      <Filter>Headerdateien\Engine-Wrapper</Filter>
    </ClCompile>
    <ClCompile Include="ClassWrapper.cpp">
      <Filter>Headerdateien\Engine-Wrapper</Filter>
    </ClCompile>
    <ClCompile Include="Package.cpp">
      <Filter>Headerdateien\Generator</Filter>
    </ClCompile>
    <ClCompile Include="Generator.cpp">
      <Filter>Headerdateien\Generator</Filter>
    </ClCompile>
  </ItemGroup>
  <ItemGroup>
    <ClInclude Include="CoreClasses.h">
      <Filter>Headerdateien\Engine</Filter>
    </ClInclude>
    <ClInclude Include="CoreFunctions.h">
      <Filter>Headerdateien\Engine</Filter>
    </ClInclude>
    <ClInclude Include="Flags.h">
      <Filter>Headerdateien\Engine</Filter>
    </ClInclude>
    <ClInclude Include="ObjectStore.h">
      <Filter>Headerdateien\Engine-Wrapper</Filter>
    </ClInclude>
    <ClInclude Include="ClassWrapper.h">
      <Filter>Headerdateien\Engine-Wrapper</Filter>
    </ClInclude>
    <ClInclude Include="Package.h">
      <Filter>Headerdateien\Generator</Filter>
    </ClInclude>
    <ClInclude Include="Generator.h">
      <Filter>Headerdateien\Generator</Filter>
    </ClInclude>
    <ClInclude Include="Global.h">
      <Filter>Headerdateien</Filter>
    </ClInclude>
    <ClInclude Include="Settings.h">
      <Filter>Headerdateien</Filter>
    </ClInclude>
  </ItemGroup>
</Project>